
Microsoft Visual Studio Solution File, Format Version 12.00
# Visual Studio Version 17
VisualStudioVersion = 17.6.33815.320
MinimumVisualStudioVersion = 10.0.40219.1
Project("{FAE04EC0-301F-11D3-BF4B-00C04F79EFBC}") = "Conday4 ass-5", "Conday4 ass-5.csproj", "{F1B14847-0127-4D6A-8CEF-4EC0C31E4B82}"
EndProject
Global
	GlobalSection(SolutionConfigurationPlatforms) = preSolution
		Debug|Any CPU = Debug|Any CPU
		Release|Any CPU = Release|Any CPU
	EndGlobalSection
	GlobalSection(ProjectConfigurationPlatforms) = postSolution
		{F1B14847-0127-4D6A-8CEF-4EC0C31E4B82}.Debug|Any CPU.ActiveCfg = Debug|Any CPU
		{F1B14847-0127-4D6A-8CEF-4EC0C31E4B82}.Debug|Any CPU.Build.0 = Debug|Any CPU
		{F1B14847-0127-4D6A-8CEF-4EC0C31E4B82}.Release|Any CPU.ActiveCfg = Release|Any CPU
		{F1B14847-0127-4D6A-8CEF-4EC0C31E4B82}.Release|Any CPU.Build.0 = Release|Any CPU
	EndGlobalSection
	GlobalSection(SolutionProperties) = preSolution
		HideSolutionNode = FALSE
	EndGlobalSection
	GlobalSection(ExtensibilityGlobals) = postSolution
		SolutionGuid = {B1B0F4F0-BAA0-4BC0-8F48-106EDA5E0FAC}
	EndGlobalSection
EndGlobal
